PODS:
  - Flutter (1.0.0)
  - flutter_device_unique_id (1.0.0):
    - Flutter
    - KeychainAccess
  - integration_test (0.0.1):
    - Flutter
  - KeychainAccess (4.2.2)

DEPENDENCIES:
  - Flutter (from `Flutter`)
  - flutter_device_unique_id (from `.symlinks/plugins/flutter_device_unique_id/ios`)
  - integration_test (from `.symlinks/plugins/integration_test/ios`)

SPEC REPOS:
  trunk:
    - KeychainAccess

EXTERNAL SOURCES:
  Flutter:
    :path: Flutter
  flutter_device_unique_id:
    :path: ".symlinks/plugins/flutter_device_unique_id/ios"
  integration_test:
    :path: ".symlinks/plugins/integration_test/ios"

SPEC CHECKSUMS:
  Flutter: e0871f40cf51350855a761d2e70bf5af5b9b5de7
  flutter_device_unique_id: b185dbe01c219cb1bf51d9d468f0f6a50aba1720
  integration_test: ce0a3ffa1de96d1a89ca0ac26fca7ea18a749ef4
  KeychainAccess: c0c4f7f38f6fc7bbe58f5702e25f7bd2f65abf51

PODFILE CHECKSUM: 819463e6a0290f5a72f145ba7cde16e8b6ef0796

COCOAPODS: 1.15.2
